
Microsoft Visual Studio Solution File, Format Version 12.00
# Visual Studio Version 17
VisualStudioVersion = 17.14.37411.7 d17.14
MinimumVisualStudioVersion = 10.0.40219.1
Project("{FAE04EC0-301F-11D3-BF4B-00C04F79EFBC}") = "DemoApi", "DemoApi\DemoApi.csproj", "{73DEE4F3-59F7-454F-AC6F-350352A4D092}"
EndProject
Project("{2150E333-8FDC-42A3-9474-1A3956D46DE8}") = "Solution Items", "Solution Items", "{02EA681E-C7D8-13C7-8484-4AC65E1B71E8}"
EndProject
Project("{FAE04EC0-301F-11D3-BF4B-00C04F79EFBC}") = "DemoApi.Tests", "DemoApi.Tests\DemoApi.Tests.csproj", "{5195530E-E2DB-41F1-B9A3-A1BC08D54E60}"
EndProject
Project("{2150E333-8FDC-42A3-9474-1A3956D46DE8}") = "Elementos de la solución", "Elementos de la solución", "{D107F4C8-89CC-BEA8-D3D7-CA6B7733353D}"
	ProjectSection(SolutionItems) = preProject
		azure-pipelines.yml = azure-pipelines.yml
	EndProjectSection
EndProject
Global
	GlobalSection(SolutionConfigurationPlatforms) = preSolution
		Debug|Any CPU = Debug|Any CPU
		Release|Any CPU = Release|Any CPU
	EndGlobalSection
	GlobalSection(ProjectConfigurationPlatforms) = postSolution
		{73DEE4F3-59F7-454F-AC6F-350352A4D092}.Debug|Any CPU.ActiveCfg = Debug|Any CPU
		{73DEE4F3-59F7-454F-AC6F-350352A4D092}.Debug|Any CPU.Build.0 = Debug|Any CPU
		{73DEE4F3-59F7-454F-AC6F-350352A4D092}.Release|Any CPU.ActiveCfg = Release|Any CPU
		{73DEE4F3-59F7-454F-AC6F-350352A4D092}.Release|Any CPU.Build.0 = Release|Any CPU
		{5195530E-E2DB-41F1-B9A3-A1BC08D54E60}.Debug|Any CPU.ActiveCfg = Debug|Any CPU
		{5195530E-E2DB-41F1-B9A3-A1BC08D54E60}.Debug|Any CPU.Build.0 = Debug|Any CPU
		{5195530E-E2DB-41F1-B9A3-A1BC08D54E60}.Release|Any CPU.ActiveCfg = Release|Any CPU
		{5195530E-E2DB-41F1-B9A3-A1BC08D54E60}.Release|Any CPU.Build.0 = Release|Any CPU
	EndGlobalSection
	GlobalSection(SolutionProperties) = preSolution
		HideSolutionNode = FALSE
	EndGlobalSection
	GlobalSection(ExtensibilityGlobals) = postSolution
		SolutionGuid = {528E9530-C6B4-4725-B616-3CEF5D0E4B35}
	EndGlobalSection
EndGlobal
